// !$*UTF8*$!
{
	archiveVersion = 1;
	classes = {
	};
	objectVersion = 46;
	objects = {

/* Begin PBXBuildFile section */
		EC100ACA1CE3BCBE00AE3B3E /* AppDelegate.swift in Sources */ = {isa = PBXBuildFile; fileRef = EC100AC91CE3BCBE00AE3B3E /* AppDelegate.swift */; };
		EC100ACC1CE3BCBE00AE3B3E /* ViewController.swift in Sources */ = {isa = PBXBuildFile; fileRef = EC100ACB1CE3BCBE00AE3B3E /* ViewController.swift */; };
		EC100ACF1CE3BCBE00AE3B3E /* Main.storyboard in Resources */ = {isa = PBXBuildFile; fileRef = EC100ACD1CE3BCBE00AE3B3E /* Main.storyboard */; };
		EC100AD11CE3BCBE00AE3B3E /* Assets.xcassets in Resources */ = {isa = PBXBuildFile; fileRef = EC100AD01CE3BCBE00AE3B3E /* Assets.xcassets */; };
		EC100AD41CE3BCBE00AE3B3E /* LaunchScreen.storyboard in Resources */ = {isa = PBXBuildFile; fileRef = EC100AD21CE3BCBE00AE3B3E /* LaunchScreen.storyboard */; };
		EC100ADF1CE3BCBE00AE3B3E /* tapper_extremeTests.swift in Sources */ = {isa = PBXBuildFile; fileRef = EC100ADE1CE3BCBE00AE3B3E /* tapper_extremeTests.swift */; };
		EC100AEA1CE3BCBE00AE3B3E /* tapper_extremeUITests.swift in Sources */ = {isa = PBXBuildFile; fileRef = EC100AE91CE3BCBE00AE3B3E /* tapper_extremeUITests.swift */; };
/* End PBXBuildFile section */

/* Begin PBXContainerItemProxy section */
		EC100ADB1CE3BCBE00AE3B3E /* PBXContainerItemProxy */ = {
			isa = PBXContainerItemProxy;
			containerPortal = EC100ABE1CE3BCBE00AE3B3E /* Project object */;
			proxyType = 1;
			remoteGlobalIDString = EC100AC51CE3BCBE00AE3B3E;
			remoteInfo = "tapper-extreme";
		};
		EC100AE61CE3BCBE00AE3B3E /* PBXContainerItemProxy */ = {
			isa = PBXContainerItemProxy;
			containerPortal = EC100ABE1CE3BCBE00AE3B3E /* Project object */;
			proxyType = 1;
			remoteGlobalIDString = EC100AC51CE3BCBE00AE3B3E;
			remoteInfo = "tapper-extreme";
		};
/* End PBXContainerItemProxy section */

/* Begin PBXFileReference section */
		EC100AC61CE3BCBE00AE3B3E /* tapper-extreme.app */ = {isa = PBXFileReference; explicitFileType = wrapper.application; includeInIndex = 0; path = "tapper-extreme.app"; sourceTree = BUILT_PRODUCTS_DIR; };
		EC100AC91CE3BCBE00AE3B3E /* AppDelegate.swift */ = {isa = PBXFileReference; lastKnownFileType = sourcecode.swift; path = AppDelegate.swift; sourceTree = "<group>"; };
		EC100ACB1CE3BCBE00AE3B3E /* ViewController.swift */ = {isa = PBXFileReference; lastKnownFileType = sourcecode.swift; path = ViewController.swift; sourceTree = "<group>"; };
		EC100ACE1CE3BCBE00AE3B3E /* Base */ = {isa = PBXFileReference; lastKnownFileType = file.storyboard; name = Base; path = Base.lproj/Main.storyboard; sourceTree = "<group>"; };
		EC100AD01CE3BCBE00AE3B3E /* Assets.xcassets */ = {isa = PBXFileReference; lastKnownFileType = folder.assetcatalog; path = Assets.xcassets; sourceTree = "<group>"; };
		EC100AD31CE3BCBE00AE3B3E /* Base */ = {isa = PBXFileReference; lastKnownFileType = file.storyboard; name = Base; path = Base.lproj/LaunchScreen.storyboard; sourceTree = "<group>"; };
		EC100AD51CE3BCBE00AE3B3E /* Info.plist */ = {isa = PBXFileReference; lastKnownFileType = text.plist.xml; path = Info.plist; sourceTree = "<group>"; };
		EC100ADA1CE3BCBE00AE3B3E /* tapper-extremeTests.xctest */ = {isa = PBXFileReference; explicitFileType = wrapper.cfbundle; includeInIndex = 0; path = "tapper-extremeTests.xctest"; sourceTree = BUILT_PRODUCTS_DIR; };
		EC100ADE1CE3BCBE00AE3B3E /* tapper_extremeTests.swift */ = {isa = PBXFileReference; lastKnownFileType = sourcecode.swift; path = tapper_extremeTests.swift; sourceTree = "<group>"; };
		EC100AE01CE3BCBE00AE3B3E /* Info.plist */ = {isa = PBXFileReference; lastKnownFileType = text.plist.xml; path = Info.plist; sourceTree = "<group>"; };
		EC100AE51CE3BCBE00AE3B3E /* tapper-extremeUITests.xctest */ = {isa = PBXFileReference; explicitFileType = wrapper.cfbundle; includeInIndex = 0; path = "tapper-extremeUITests.xctest"; sourceTree = BUILT_PRODUCTS_DIR; };
		EC100AE91CE3BCBE00AE3B3E /* tapper_extremeUITests.swift */ = {isa = PBXFileReference; lastKnownFileType = sourcecode.swift; path = tapper_extremeUITests.swift; sourceTree = "<group>"; };
		EC100AEB1CE3BCBE00AE3B3E /* Info.plist */ = {isa = PBXFileReference; lastKnownFileType = text.plist.xml; path = Info.plist; sourceTree = "<group>"; };
/* End PBXFileReference section */

/* Begin PBXFrameworksBuildPhase section */
		EC100AC31CE3BCBE00AE3B3E /* Frameworks */ = {
			isa = PBXFrameworksBuildPhase;
			buildActionMask = 2147483647;
			files = (
			);
			runOnlyForDeploymentPostprocessing = 0;
		};
		EC100AD71CE3BCBE00AE3B3E /* Frameworks */ = {
			isa = PBXFrameworksBuildPhase;
			buildActionMask = 2147483647;
			files = (
			);
			runOnlyForDeploymentPostprocessing = 0;
		};
		EC100AE21CE3BCBE00AE3B3E /* Frameworks */ = {
			isa = PBXFrameworksBuildPhase;
			buildActionMask = 2147483647;
			files = (
			);
			runOnlyForDeploymentPostprocessing = 0;
		};
/* End PBXFrameworksBuildPhase section */

/* Begin PBXGroup section */
		EC100ABD1CE3BCBE00AE3B3E = {
			isa = PBXGroup;
			children = (
				EC100AC81CE3BCBE00AE3B3E /* tapper-extreme */,
				EC100ADD1CE3BCBE00AE3B3E /* tapper-extremeTests */,
				EC100AE81CE3BCBE00AE3B3E /* tapper-extremeUITests */,
				EC100AC71CE3BCBE00AE3B3E /* Products */,
			);
			sourceTree = "<group>";
		};
		EC100AC71CE3BCBE00AE3B3E /* Products */ = {
			isa = PBXGroup;
			children = (
				EC100AC61CE3BCBE00AE3B3E /* tapper-extreme.app */,
				EC100ADA1CE3BCBE00AE3B3E /* tapper-extremeTests.xctest */,
				EC100AE51CE3BCBE00AE3B3E /* tapper-extremeUITests.xctest */,
			);
			name = Products;
			sourceTree = "<group>";
		};
		EC100AC81CE3BCBE00AE3B3E /* tapper-extreme */ = {
			isa = PBXGroup;
			children = (
				EC100AC91CE3BCBE00AE3B3E /* AppDelegate.swift */,
				EC100ACB1CE3BCBE00AE3B3E /* ViewController.swift */,
				EC100ACD1CE3BCBE00AE3B3E /* Main.storyboard */,
				EC100AD01CE3BCBE00AE3B3E /* Assets.xcassets */,
				EC100AD21CE3BCBE00AE3B3E /* LaunchScreen.storyboard */,
				EC100AD51CE3BCBE00AE3B3E /* Info.plist */,
			);
			path = "tapper-extreme";
			sourceTree = "<group>";
		};
		EC100ADD1CE3BCBE00AE3B3E /* tapper-extremeTests */ = {
			isa = PBXGroup;
			children = (
				EC100ADE1CE3BCBE00AE3B3E /* tapper_extremeTests.swift */,
				EC100AE01CE3BCBE00AE3B3E /* Info.plist */,
			);
			path = "tapper-extremeTests";
			sourceTree = "<group>";
		};
		EC100AE81CE3BCBE00AE3B3E /* tapper-extremeUITests */ = {
			isa = PBXGroup;
			children = (
				EC100AE91CE3BCBE00AE3B3E /* tapper_extremeUITests.swift */,
				EC100AEB1CE3BCBE00AE3B3E /* Info.plist */,
			);
			path = "tapper-extremeUITests";
			sourceTree = "<group>";
		};
/* End PBXGroup section */

/* Begin PBXNativeTarget section */
		EC100AC51CE3BCBE00AE3B3E /* tapper-extreme */ = {
			isa = PBXNativeTarget;
			buildConfigurationList = EC100AEE1CE3BCBE00AE3B3E /* Build configuration list for PBXNativeTarget "tapper-extreme" */;
			buildPhases = (
				EC100AC21CE3BCBE00AE3B3E /* Sources */,
				EC100AC31CE3BCBE00AE3B3E /* Frameworks */,
				EC100AC41CE3BCBE00AE3B3E /* Resources */,
			);
			buildRules = (
			);
			dependencies = (
			);
			name = "tapper-extreme";
			productName = "tapper-extreme";
			productReference = EC100AC61CE3BCBE00AE3B3E /* tapper-extreme.app */;
			productType = "com.apple.product-type.application";
		};
		EC100AD91CE3BCBE00AE3B3E /* tapper-extremeTests */ = {
			isa = PBXNativeTarget;
			buildConfigurationList = EC100AF11CE3BCBE00AE3B3E /* Build configuration list for PBXNativeTarget "tapper-extremeTests" */;
			buildPhases = (
				EC100AD61CE3BCBE00AE3B3E /* Sources */,
				EC100AD71CE3BCBE00AE3B3E /* Frameworks */,
				EC100AD81CE3BCBE00AE3B3E /* Resources */,
			);
			buildRules = (
			);
			dependencies = (
				EC100ADC1CE3BCBE00AE3B3E /* PBXTargetDependency */,
			);
			name = "tapper-extremeTests";
			productName = "tapper-extremeTests";
			productReference = EC100ADA1CE3BCBE00AE3B3E /* tapper-extremeTests.xctest */;
			productType = "com.apple.product-type.bundle.unit-test";
		};
		EC100AE41CE3BCBE00AE3B3E /* tapper-extremeUITests */ = {
			isa = PBXNativeTarget;
			buildConfigurationList = EC100AF41CE3BCBE00AE3B3E /* Build configuration list for PBXNativeTarget "tapper-extremeUITests" */;
			buildPhases = (
				EC100AE11CE3BCBE00AE3B3E /* Sources */,
				EC100AE21CE3BCBE00AE3B3E /* Frameworks */,
				EC100AE31CE3BCBE00AE3B3E /* Resources */,
			);
			buildRules = (
			);
			dependencies = (
				EC100AE71CE3BCBE00AE3B3E /* PBXTargetDependency */,
			);
			name = "tapper-extremeUITests";
			productName = "tapper-extremeUITests";
			productReference = EC100AE51CE3BCBE00AE3B3E /* tapper-extremeUITests.xctest */;
			productType = "com.apple.product-type.bundle.ui-testing";
		};
/* End PBXNativeTarget section */

/* Begin PBXProject section */
		EC100ABE1CE3BCBE00AE3B3E /* Project object */ = {
			isa = PBXProject;
			attributes = {
				LastSwiftUpdateCheck = 0730;
				LastUpgradeCheck = 0730;
				ORGANIZATIONNAME = "Jason Leung";
				TargetAttributes = {
					EC100AC51CE3BCBE00AE3B3E = {
						CreatedOnToolsVersion = 7.3.1;
					};
					EC100AD91CE3BCBE00AE3B3E = {
						CreatedOnToolsVersion = 7.3.1;
						TestTargetID = EC100AC51CE3BCBE00AE3B3E;
					};
					EC100AE41CE3BCBE00AE3B3E = {
						CreatedOnToolsVersion = 7.3.1;
						TestTargetID = EC100AC51CE3BCBE00AE3B3E;
					};
				};
			};
			buildConfigurationList = EC100AC11CE3BCBE00AE3B3E /* Build configuration list for PBXProject "tapper-extreme" */;
			compatibilityVersion = "Xcode 3.2";
			developmentRegion = English;
			hasScannedForEncodings = 0;
			knownRegions = (
				en,
				Base,
			);
			mainGroup = EC100ABD1CE3BCBE00AE3B3E;
			productRefGroup = EC100AC71CE3BCBE00AE3B3E /* Products */;
			projectDirPath = "";
			projectRoot = "";
			targets = (
				EC100AC51CE3BCBE00AE3B3E /* tapper-extreme */,
				EC100AD91CE3BCBE00AE3B3E /* tapper-extremeTests */,
				EC100AE41CE3BCBE00AE3B3E /* tapper-extremeUITests */,
			);
		};
/* End PBXProject section */

/* Begin PBXResourcesBuildPhase section */
		EC100AC41CE3BCBE00AE3B3E /* Resources */ = {
			isa = PBXResourcesBuildPhase;
			buildActionMask = 2147483647;
			files = (
				EC100AD41CE3BCBE00AE3B3E /* LaunchScreen.storyboard in Resources */,
				EC100AD11CE3BCBE00AE3B3E /* Assets.xcassets in Resources */,
				EC100ACF1CE3BCBE00AE3B3E /* Main.storyboard in Resources */,
			);
			runOnlyForDeploymentPostprocessing = 0;
		};
		EC100AD81CE3BCBE00AE3B3E /* Resources */ = {
			isa = PBXResourcesBuildPhase;
			buildActionMask = 2147483647;
			files = (
			);
			runOnlyForDeploymentPostprocessing = 0;
		};
		EC100AE31CE3BCBE00AE3B3E /* Resources */ = {
			isa = PBXResourcesBuildPhase;
			buildActionMask = 2147483647;
			files = (
			);
			runOnlyForDeploymentPostprocessing = 0;
		};
/* End PBXResourcesBuildPhase section */

/* Begin PBXSourcesBuildPhase section */
		EC100AC21CE3BCBE00AE3B3E /* Sources */ = {
			isa = PBXSourcesBuildPhase;
			buildActionMask = 2147483647;
			files = (
				EC100ACC1CE3BCBE00AE3B3E /* ViewController.swift in Sources */,
				EC100ACA1CE3BCBE00AE3B3E /* AppDelegate.swift in Sources */,
			);
			runOnlyForDeploymentPostprocessing = 0;
		};
		EC100AD61CE3BCBE00AE3B3E /* Sources */ = {
			isa = PBXSourcesBuildPhase;
			buildActionMask = 2147483647;
			files = (
				EC100ADF1CE3BCBE00AE3B3E /* tapper_extremeTests.swift in Sources */,
			);
			runOnlyForDeploymentPostprocessing = 0;
		};
		EC100AE11CE3BCBE00AE3B3E /* Sources */ = {
			isa = PBXSourcesBuildPhase;
			buildActionMask = 2147483647;
			files = (
				EC100AEA1CE3BCBE00AE3B3E /* tapper_extremeUITests.swift in Sources */,
			);
			runOnlyForDeploymentPostprocessing = 0;
		};
/* End PBXSourcesBuildPhase section */

/* Begin PBXTargetDependency section */
		EC100ADC1CE3BCBE00AE3B3E /* PBXTargetDependency */ = {
			isa = PBXTargetDependency;
			target = EC100AC51CE3BCBE00AE3B3E /* tapper-extreme */;
			targetProxy = EC100ADB1CE3BCBE00AE3B3E /* PBXContainerItemProxy */;
		};
		EC100AE71CE3BCBE00AE3B3E /* PBXTargetDependency */ = {
			isa = PBXTargetDependency;
			target = EC100AC51CE3BCBE00AE3B3E /* tapper-extreme */;
			targetProxy = EC100AE61CE3BCBE00AE3B3E /* PBXContainerItemProxy */;
		};
/* End PBXTargetDependency section */

/* Begin PBXVariantGroup section */
		EC100ACD1CE3BCBE00AE3B3E /* Main.storyboard */ = {
			isa = PBXVariantGroup;
			children = (
				EC100ACE1CE3BCBE00AE3B3E /* Base */,
			);
			name = Main.storyboard;
			sourceTree = "<group>";
		};
		EC100AD21CE3BCBE00AE3B3E /* LaunchScreen.storyboard */ = {
			isa = PBXVariantGroup;
			children = (
				EC100AD31CE3BCBE00AE3B3E /* Base */,
			);
			name = LaunchScreen.storyboard;
			sourceTree = "<group>";
		};
/* End PBXVariantGroup section */

/* Begin XCBuildConfiguration section */
		EC100AEC1CE3BCBE00AE3B3E /* Debug */ = {
			isa = XCBuildConfiguration;
			buildSettings = {
				ALWAYS_SEARCH_USER_PATHS = NO;
				CLANG_ANALYZER_NONNULL = YES;
				CLANG_CXX_LANGUAGE_STANDARD = "gnu++0x";
				CLANG_CXX_LIBRARY = "libc++";
				CLANG_ENABLE_MODULES = YES;
				CLANG_ENABLE_OBJC_ARC = YES;
				CLANG_WARN_BOOL_CONVERSION = YES;
				CLANG_WARN_CONSTANT_CONVERSION = YES;
				CLANG_WARN_DIRECT_OBJC_ISA_USAGE = YES_ERROR;
				CLANG_WARN_EMPTY_BODY = YES;
				CLANG_WARN_ENUM_CONVERSION = YES;
				CLANG_WARN_INT_CONVERSION = YES;
				CLANG_WARN_OBJC_ROOT_CLASS = YES_ERROR;
				CLANG_WARN_UNREACHABLE_CODE = YES;
				CLANG_WARN__DUPLICATE_METHOD_MATCH = YES;
				"CODE_SIGN_IDENTITY[sdk=iphoneos*]" = "iPhone Developer";
				COPY_PHASE_STRIP = NO;
				DEBUG_INFORMATION_FORMAT = dwarf;
				ENABLE_STRICT_OBJC_MSGSEND = YES;
				ENABLE_TESTABILITY = YES;
				GCC_C_LANGUAGE_STANDARD = gnu99;
				GCC_DYNAMIC_NO_PIC = NO;
				GCC_NO_COMMON_BLOCKS = YES;
				GCC_OPTIMIZATION_LEVEL = 0;
				GCC_PREPROCESSOR_DEFINITIONS = (
					"DEBUG=1",
					"$(inherited)",
				);
				GCC_WARN_64_TO_32_BIT_CONVERSION = YES;
				GCC_WARN_ABOUT_RETURN_TYPE = YES_ERROR;
				GCC_WARN_UNDECLARED_SELECTOR = YES;
				GCC_WARN_UNINITIALIZED_AUTOS = YES_AGGRESSIVE;
				GCC_WARN_UNUSED_FUNCTION = YES;
				GCC_WARN_UNUSED_VARIABLE = YES;
				IPHONEOS_DEPLOYMENT_TARGET = 9.3;
				MTL_ENABLE_DEBUG_INFO = YES;
				ONLY_ACTIVE_ARCH = YES;
				SDKROOT = iphoneos;
				SWIFT_OPTIMIZATION_LEVEL = "-Onone";
			};
			name = Debug;
		};
		EC100AED1CE3BCBE00AE3B3E /* Release */ = {
			isa = XCBuildConfiguration;
			buildSettings = {
				ALWAYS_SEARCH_USER_PATHS = NO;
				CLANG_ANALYZER_NONNULL = YES;
				CLANG_CXX_LANGUAGE_STANDARD = "gnu++0x";
				CLANG_CXX_LIBRARY = "libc++";
				CLANG_ENABLE_MODULES = YES;
				CLANG_ENABLE_OBJC_ARC = YES;
				CLANG_WARN_BOOL_CONVERSION = YES;
				CLANG_WARN_CONSTANT_CONVERSION = YES;
				CLANG_WARN_DIRECT_OBJC_ISA_USAGE = YES_ERROR;
				CLANG_WARN_EMPTY_BODY = YES;
				CLANG_WARN_ENUM_CONVERSION = YES;
				CLANG_WARN_INT_CONVERSION = YES;
				CLANG_WARN_OBJC_ROOT_CLASS = YES_ERROR;
				CLANG_WARN_UNREACHABLE_CODE = YES;
				CLANG_WARN__DUPLICATE_METHOD_MATCH = YES;
				"CODE_SIGN_IDENTITY[sdk=iphoneos*]" = "iPhone Developer";
				COPY_PHASE_STRIP = NO;
				DEBUG_INFORMATION_FORMAT = "dwarf-with-dsym";
				ENABLE_NS_ASSERTIONS = NO;
				ENABLE_STRICT_OBJC_MSGSEND = YES;
				GCC_C_LANGUAGE_STANDARD = gnu99;
				GCC_NO_COMMON_BLOCKS = YES;
				GCC_WARN_64_TO_32_BIT_CONVERSION = YES;
				GCC_WARN_ABOUT_RETURN_TYPE = YES_ERROR;
				GCC_WARN_UNDECLARED_SELECTOR = YES;
				GCC_WARN_UNINITIALIZED_AUTOS = YES_AGGRESSIVE;
				GCC_WARN_UNUSED_FUNCTION = YES;
				GCC_WARN_UNUSED_VARIABLE = YES;
				IPHONEOS_DEPLOYMENT_TARGET = 9.3;
				MTL_ENABLE_DEBUG_INFO = NO;
				SDKROOT = iphoneos;
				VALIDATE_PRODUCT = YES;
			};
			name = Release;
		};
		EC100AEF1CE3BCBE00AE3B3E /* Debug */ = {
			isa = XCBuildConfiguration;
			buildSettings = {
				ASSETCATALOG_COMPILER_APPICON_NAME = AppIcon;
				INFOPLIST_FILE = "tapper-extreme/Info.plist";
				LD_RUNPATH_SEARCH_PATHS = "$(inherited) @executable_path/Frameworks";
				PRODUCT_BUNDLE_IDENTIFIER = "com.jasonleung.tapper-extreme";
				PRODUCT_NAME = "$(TARGET_NAME)";
			};
			name = Debug;
		};
		EC100AF01CE3BCBE00AE3B3E /* Release */ = {
			isa = XCBuildConfiguration;
			buildSettings = {
				ASSETCATALOG_COMPILER_APPICON_NAME = AppIcon;
				INFOPLIST_FILE = "tapper-extreme/Info.plist";
				LD_RUNPATH_SEARCH_PATHS = "$(inherited) @executable_path/Frameworks";
				PRODUCT_BUNDLE_IDENTIFIER = "com.jasonleung.tapper-extreme";
				PRODUCT_NAME = "$(TARGET_NAME)";
			};
			name = Release;
		};
		EC100AF21CE3BCBE00AE3B3E /* Debug */ = {
			isa = XCBuildConfiguration;
			buildSettings = {
				BUNDLE_LOADER = "$(TEST_HOST)";
				INFOPLIST_FILE = "tapper-extremeTests/Info.plist";
				LD_RUNPATH_SEARCH_PATHS = "$(inherited) @executable_path/Frameworks @loader_path/Frameworks";
				PRODUCT_BUNDLE_IDENTIFIER = "com.jasonleung.tapper-extremeTests";
				PRODUCT_NAME = "$(TARGET_NAME)";
				TEST_HOST = "$(BUILT_PRODUCTS_DIR)/tapper-extreme.app/tapper-extreme";
			};
			name = Debug;
		};
		EC100AF31CE3BCBE00AE3B3E /* Release */ = {
			isa = XCBuildConfiguration;
			buildSettings = {
				BUNDLE_LOADER = "$(TEST_HOST)";
				INFOPLIST_FILE = "tapper-extremeTests/Info.plist";
				LD_RUNPATH_SEARCH_PATHS = "$(inherited) @executable_path/Frameworks @loader_path/Frameworks";
				PRODUCT_BUNDLE_IDENTIFIER = "com.jasonleung.tapper-extremeTests";
				PRODUCT_NAME = "$(TARGET_NAME)";
				TEST_HOST = "$(BUILT_PRODUCTS_DIR)/tapper-extreme.app/tapper-extreme";
			};
			name = Release;
		};
		EC100AF51CE3BCBE00AE3B3E /* Debug */ = {
			isa = XCBuildConfiguration;
			buildSettings = {
				INFOPLIST_FILE = "tapper-extremeUITests/Info.plist";
				LD_RUNPATH_SEARCH_PATHS = "$(inherited) @executable_path/Frameworks @loader_path/Frameworks";
				PRODUCT_BUNDLE_IDENTIFIER = "com.jasonleung.tapper-extremeUITests";
				PRODUCT_NAME = "$(TARGET_NAME)";
				TEST_TARGET_NAME = "tapper-extreme";
			};
			name = Debug;
		};
		EC100AF61CE3BCBE00AE3B3E /* Release */ = {
			isa = XCBuildConfiguration;
			buildSettings = {
				INFOPLIST_FILE = "tapper-extremeUITests/Info.plist";
				LD_RUNPATH_SEARCH_PATHS = "$(inherited) @executable_path/Frameworks @loader_path/Frameworks";
				PRODUCT_BUNDLE_IDENTIFIER = "com.jasonleung.tapper-extremeUITests";
				PRODUCT_NAME = "$(TARGET_NAME)";
				TEST_TARGET_NAME = "tapper-extreme";
			};
			name = Release;
		};
/* End XCBuildConfiguration section */

/* Begin XCConfigurationList section */
		EC100AC11CE3BCBE00AE3B3E /* Build configuration list for PBXProject "tapper-extreme" */ = {
			isa = XCConfigurationList;
			buildConfigurations = (
				EC100AEC1CE3BCBE00AE3B3E /* Debug */,
				EC100AED1CE3BCBE00AE3B3E /* Release */,
			);
			defaultConfigurationIsVisible = 0;
			defaultConfigurationName = Release;
		};
		EC100AEE1CE3BCBE00AE3B3E /* Build configuration list for PBXNativeTarget "tapper-extreme" */ = {
			isa = XCConfigurationList;
			buildConfigurations = (
				EC100AEF1CE3BCBE00AE3B3E /* Debug */,
				EC100AF01CE3BCBE00AE3B3E /* Release */,
			);
			defaultConfigurationIsVisible = 0;
		};
		EC100AF11CE3BCBE00AE3B3E /* Build configuration list for PBXNativeTarget "tapper-extremeTests" */ = {
			isa = XCConfigurationList;
			buildConfigurations = (
				EC100AF21CE3BCBE00AE3B3E /* Debug */,
				EC100AF31CE3BCBE00AE3B3E /* Release */,
			);
			defaultConfigurationIsVisible = 0;
		};
		EC100AF41CE3BCBE00AE3B3E /* Build configuration list for PBXNativeTarget "tapper-extremeUITests" */ = {
			isa = XCConfigurationList;
			buildConfigurations = (
				EC100AF51CE3BCBE00AE3B3E /* Debug */,
				EC100AF61CE3BCBE00AE3B3E /* Release */,
			);
			defaultConfigurationIsVisible = 0;
		};
/* End XCConfigurationList section */
	};
	rootObject = EC100ABE1CE3BCBE00AE3B3E /* Project object */;
}
